
Microsoft Visual Studio Solution File, Format Version 12.00
# Visual Studio Version 17
VisualStudioVersion = 17.5.33424.131
MinimumVisualStudioVersion = 10.0.40219.1
Project("{2150E333-8FDC-42A3-9474-1A3956D46DE8}") = "Services", "Services", "{E0DB7BF7-8273-466A-8C4E-BD168434B1B5}"
EndProject
Project("{2150E333-8FDC-42A3-9474-1A3956D46DE8}") = "Frontend", "Frontend", "{0406E4A2-5615-4EB7-BA4C-2C3CC0120BD1}"
EndProject
Project("{9A19103F-16F7-4668-BE54-9A1E7A4F7556}") = "eShop.MVC", "eShop.MVC\eShop.MVC.csproj", "{AF3B8670-97C8-4C95-964D-3C7E624AD89F}"
EndProject
Project("{9A19103F-16F7-4668-BE54-9A1E7A4F7556}") = "eShop.ServicesProduct.API", "eShop.Services.Product.API\eShop.ServicesProduct.API.csproj", "{87106008-90FF-4FF3-AF26-71DE39F338B8}"
EndProject
Project("{2150E333-8FDC-42A3-9474-1A3956D46DE8}") = "Product", "Product", "{AEE71854-C88C-4465-B96F-A8ADC16EAB2D}"
EndProject
Project("{2150E333-8FDC-42A3-9474-1A3956D46DE8}") = "Identity", "Identity", "{8E1E266D-A798-4A79-8DE7-3CCB071F353A}"
EndProject
Project("{9A19103F-16F7-4668-BE54-9A1E7A4F7556}") = "eShop.Services.Identity.API", "eShop.Services.Identity.API\eShop.Services.Identity.API.csproj", "{7CB13861-C0D3-4E1B-BD28-F8EDFE436E3C}"
EndProject
Project("{9A19103F-16F7-4668-BE54-9A1E7A4F7556}") = "OAuthExtensions", "OAuthExtensions\OAuthExtensions.csproj", "{08AF5968-D27D-4AC4-B4ED-34D231182008}"
EndProject
Project("{9A19103F-16F7-4668-BE54-9A1E7A4F7556}") = "eShop.ServicesProduct.Tests", "eShop.ServicesProduct.Tests\eShop.ServicesProduct.Tests.csproj", "{9EEDBF7B-B721-4C07-BB39-B1E0A28B096E}"
EndProject
Project("{2150E333-8FDC-42A3-9474-1A3956D46DE8}") = "Cart", "Cart", "{B6B89C52-CBFC-4780-9262-D3A4FC35C1F7}"
EndProject
Project("{9A19103F-16F7-4668-BE54-9A1E7A4F7556}") = "eShop.ServicesCart.API", "eShop.ServicesCart.API\eShop.ServicesCart.API.csproj", "{17F08FE6-B02F-4BA4-82EA-FDBC3EAF4FE9}"
EndProject
Project("{E53339B2-1760-4266-BCC7-CA923CBCF16C}") = "docker-compose", "docker-compose.dcproj", "{22879098-9A5F-429B-8C88-4DD1BABED155}"
EndProject
Project("{2150E333-8FDC-42A3-9474-1A3956D46DE8}") = "Coupon", "Coupon", "{E80B93F2-E2E5-4649-85A7-C39D4C569E4D}"
EndProject
Project("{9A19103F-16F7-4668-BE54-9A1E7A4F7556}") = "eShop.ServicesCoupon.API", "eShop.ServicesCoupon.API\eShop.ServicesCoupon.API.csproj", "{B9D7BA64-2774-4798-8DB8-2F919B7E1DAE}"
EndProject
Project("{2150E333-8FDC-42A3-9474-1A3956D46DE8}") = "src", "src", "{001DB4C2-C9E4-453A-B9E9-9A63EFF8C3C6}"
EndProject
Global
	GlobalSection(SolutionConfigurationPlatforms) = preSolution
		Debug|Any CPU = Debug|Any CPU
		Release|Any CPU = Release|Any CPU
	EndGlobalSection
	GlobalSection(ProjectConfigurationPlatforms) = postSolution
		{AF3B8670-97C8-4C95-964D-3C7E624AD89F}.Debug|Any CPU.ActiveCfg = Debug|Any CPU
		{AF3B8670-97C8-4C95-964D-3C7E624AD89F}.Debug|Any CPU.Build.0 = Debug|Any CPU
		{AF3B8670-97C8-4C95-964D-3C7E624AD89F}.Release|Any CPU.ActiveCfg = Release|Any CPU
		{AF3B8670-97C8-4C95-964D-3C7E624AD89F}.Release|Any CPU.Build.0 = Release|Any CPU
		{87106008-90FF-4FF3-AF26-71DE39F338B8}.Debug|Any CPU.ActiveCfg = Debug|Any CPU
		{87106008-90FF-4FF3-AF26-71DE39F338B8}.Debug|Any CPU.Build.0 = Debug|Any CPU
		{87106008-90FF-4FF3-AF26-71DE39F338B8}.Release|Any CPU.ActiveCfg = Release|Any CPU
		{87106008-90FF-4FF3-AF26-71DE39F338B8}.Release|Any CPU.Build.0 = Release|Any CPU
		{7CB13861-C0D3-4E1B-BD28-F8EDFE436E3C}.Debug|Any CPU.ActiveCfg = Debug|Any CPU
		{7CB13861-C0D3-4E1B-BD28-F8EDFE436E3C}.Debug|Any CPU.Build.0 = Debug|Any CPU
		{7CB13861-C0D3-4E1B-BD28-F8EDFE436E3C}.Release|Any CPU.ActiveCfg = Release|Any CPU
		{7CB13861-C0D3-4E1B-BD28-F8EDFE436E3C}.Release|Any CPU.Build.0 = Release|Any CPU
		{08AF5968-D27D-4AC4-B4ED-34D231182008}.Debug|Any CPU.ActiveCfg = Debug|Any CPU
		{08AF5968-D27D-4AC4-B4ED-34D231182008}.Debug|Any CPU.Build.0 = Debug|Any CPU
		{08AF5968-D27D-4AC4-B4ED-34D231182008}.Release|Any CPU.ActiveCfg = Release|Any CPU
		{08AF5968-D27D-4AC4-B4ED-34D231182008}.Release|Any CPU.Build.0 = Release|Any CPU
		{9EEDBF7B-B721-4C07-BB39-B1E0A28B096E}.Debug|Any CPU.ActiveCfg = Debug|Any CPU
		{9EEDBF7B-B721-4C07-BB39-B1E0A28B096E}.Debug|Any CPU.Build.0 = Debug|Any CPU
		{9EEDBF7B-B721-4C07-BB39-B1E0A28B096E}.Release|Any CPU.ActiveCfg = Release|Any CPU
		{9EEDBF7B-B721-4C07-BB39-B1E0A28B096E}.Release|Any CPU.Build.0 = Release|Any CPU
		{17F08FE6-B02F-4BA4-82EA-FDBC3EAF4FE9}.Debug|Any CPU.ActiveCfg = Debug|Any CPU
		{17F08FE6-B02F-4BA4-82EA-FDBC3EAF4FE9}.Debug|Any CPU.Build.0 = Debug|Any CPU
		{17F08FE6-B02F-4BA4-82EA-FDBC3EAF4FE9}.Release|Any CPU.ActiveCfg = Release|Any CPU
		{17F08FE6-B02F-4BA4-82EA-FDBC3EAF4FE9}.Release|Any CPU.Build.0 = Release|Any CPU
		{22879098-9A5F-429B-8C88-4DD1BABED155}.Debug|Any CPU.ActiveCfg = Debug|Any CPU
		{22879098-9A5F-429B-8C88-4DD1BABED155}.Debug|Any CPU.Build.0 = Debug|Any CPU
		{22879098-9A5F-429B-8C88-4DD1BABED155}.Release|Any CPU.ActiveCfg = Release|Any CPU
		{22879098-9A5F-429B-8C88-4DD1BABED155}.Release|Any CPU.Build.0 = Release|Any CPU
		{B9D7BA64-2774-4798-8DB8-2F919B7E1DAE}.Debug|Any CPU.ActiveCfg = Debug|Any CPU
		{B9D7BA64-2774-4798-8DB8-2F919B7E1DAE}.Debug|Any CPU.Build.0 = Debug|Any CPU
		{B9D7BA64-2774-4798-8DB8-2F919B7E1DAE}.Release|Any CPU.ActiveCfg = Release|Any CPU
		{B9D7BA64-2774-4798-8DB8-2F919B7E1DAE}.Release|Any CPU.Build.0 = Release|Any CPU
	EndGlobalSection
	GlobalSection(SolutionProperties) = preSolution
		HideSolutionNode = FALSE
	EndGlobalSection
	GlobalSection(NestedProjects) = preSolution
		{E0DB7BF7-8273-466A-8C4E-BD168434B1B5} = {001DB4C2-C9E4-453A-B9E9-9A63EFF8C3C6}
		{0406E4A2-5615-4EB7-BA4C-2C3CC0120BD1} = {001DB4C2-C9E4-453A-B9E9-9A63EFF8C3C6}
		{AF3B8670-97C8-4C95-964D-3C7E624AD89F} = {0406E4A2-5615-4EB7-BA4C-2C3CC0120BD1}
		{87106008-90FF-4FF3-AF26-71DE39F338B8} = {AEE71854-C88C-4465-B96F-A8ADC16EAB2D}
		{AEE71854-C88C-4465-B96F-A8ADC16EAB2D} = {E0DB7BF7-8273-466A-8C4E-BD168434B1B5}
		{8E1E266D-A798-4A79-8DE7-3CCB071F353A} = {E0DB7BF7-8273-466A-8C4E-BD168434B1B5}
		{7CB13861-C0D3-4E1B-BD28-F8EDFE436E3C} = {8E1E266D-A798-4A79-8DE7-3CCB071F353A}
		{08AF5968-D27D-4AC4-B4ED-34D231182008} = {8E1E266D-A798-4A79-8DE7-3CCB071F353A}
		{9EEDBF7B-B721-4C07-BB39-B1E0A28B096E} = {AEE71854-C88C-4465-B96F-A8ADC16EAB2D}
		{B6B89C52-CBFC-4780-9262-D3A4FC35C1F7} = {E0DB7BF7-8273-466A-8C4E-BD168434B1B5}
		{17F08FE6-B02F-4BA4-82EA-FDBC3EAF4FE9} = {B6B89C52-CBFC-4780-9262-D3A4FC35C1F7}
		{E80B93F2-E2E5-4649-85A7-C39D4C569E4D} = {E0DB7BF7-8273-466A-8C4E-BD168434B1B5}
		{B9D7BA64-2774-4798-8DB8-2F919B7E1DAE} = {E80B93F2-E2E5-4649-85A7-C39D4C569E4D}
	EndGlobalSection
	GlobalSection(ExtensibilityGlobals) = postSolution
		SolutionGuid = {54939808-9890-405F-86D0-CE758BD41742}
	EndGlobalSection
EndGlobal
